<?xml version="1.0" encoding="UTF-8" standalone="yes" ?>
<CodeBlocks_project_file>
	<FileVersion major="1" minor="6" />
	<Project>
		<Option title="ProjectTests" />
		<Option pch_mode="2" />
		<Option compiler="gcc" />
		<Build>
			<Target title="Debug">
				<Option output="bin/Debug/ProjectTests" prefix_auto="1" extension_auto="1" />
				<Option object_output="obj/Debug/" />
				<Option type="1" />
				<Option compiler="gcc" />
				<Compiler>
					<Add option="-pedantic-errors" />
					<Add option="-w" />
				</Compiler>
				<Linker>
					<Add library="../src/bin/Debug/libStringProcessingProject.a" />
				</Linker>
			</Target>
			<Target title="Release">
				<Option output="bin/Release/ProjectTests" prefix_auto="1" extension_auto="1" />
				<Option object_output="obj/Release/" />
				<Option type="1" />
				<Option compiler="gcc" />
				<Compiler>
					<Add option="-O2" />
				</Compiler>
				<Linker>
					<Add option="-s" />
					<Add library="../src/bin/Debug/libStringProcessingProject.a" />
				</Linker>
			</Target>
		</Build>
		<Compiler>
			<Add option="-Wall" />
			<Add option="-fexceptions" />
		</Compiler>
		<Unit filename="ChrochemoreTest.cpp" />
		<Unit filename="SuffixArray.cpp" />
		<Unit filename="SuffixArray.hpp" />
		<Unit filename="SuffixArrayTest.cpp" />
		<Unit filename="TestCase.hpp" />
		<Unit filename="TestFailure.h" />
		<Unit filename="TestGenerator.cpp" />
		<Unit filename="TestGenerator.hpp" />
		<Unit filename="TestSuite.cpp" />
		<Unit filename="TestSuite.h" />
		<Unit filename="UnitTest.h" />
		<Unit filename="ZAlgorithmTest.cpp" />
		<Unit filename="check_macros.h" />
		<Unit filename="main.cpp" />
		<Unit filename="sais.hxx" />
		<Extensions>
			<code_completion />
			<debugger />
		</Extensions>
	</Project>
</CodeBlocks_project_file>
